
Microsoft Visual Studio Solution File, Format Version 12.00
# Visual Studio 15
VisualStudioVersion = 15.0.28307.705
MinimumVisualStudioVersion = 10.0.40219.1
Project("{9A19103F-16F7-4668-BE54-9A1E7A4F7556}") = "dotnetProxyFunctionApp", "functionProxyDotnet\dotnetProxyFunctionApp.csproj", "{675E6FA4-5B42-48DA-B3A0-32FE12D40C04}"
EndProject
Global
	GlobalSection(SolutionConfigurationPlatforms) = preSolution
		Debug|Any CPU = Debug|Any CPU
		Release|Any CPU = Release|Any CPU
	EndGlobalSection
	GlobalSection(ProjectConfigurationPlatforms) = postSolution
		{675E6FA4-5B42-48DA-B3A0-32FE12D40C04}.Debug|Any CPU.ActiveCfg = Debug|Any CPU
		{675E6FA4-5B42-48DA-B3A0-32FE12D40C04}.Debug|Any CPU.Build.0 = Debug|Any CPU
		{675E6FA4-5B42-48DA-B3A0-32FE12D40C04}.Release|Any CPU.ActiveCfg = Release|Any CPU
		{675E6FA4-5B42-48DA-B3A0-32FE12D40C04}.Release|Any CPU.Build.0 = Release|Any CPU
	EndGlobalSection
	GlobalSection(SolutionProperties) = preSolution
		HideSolutionNode = FALSE
	EndGlobalSection
	GlobalSection(ExtensibilityGlobals) = postSolution
		SolutionGuid = {5C087703-0308-48C2-80EC-B4D27A5DE15C}
	EndGlobalSection
EndGlobal
